// !$*UTF8*$!
{
	archiveVersion = 1;
	classes = {
	};
	objectVersion = 55;
	objects = {

/* Begin PBXBuildFile section */
		954AD1742789959900AA7C02 /* AppDelegate.swift in Sources */ = {isa = PBXBuildFile; fileRef = 954AD1732789959900AA7C02 /* AppDelegate.swift */; };
		954AD1762789959900AA7C02 /* SceneDelegate.swift in Sources */ = {isa = PBXBuildFile; fileRef = 954AD1752789959900AA7C02 /* SceneDelegate.swift */; };
		954AD17B2789959900AA7C02 /* Main.storyboard in Resources */ = {isa = PBXBuildFile; fileRef = 954AD1792789959900AA7C02 /* Main.storyboard */; };
		954AD17D2789959A00AA7C02 /* Assets.xcassets in Resources */ = {isa = PBXBuildFile; fileRef = 954AD17C2789959A00AA7C02 /* Assets.xcassets */; };
		954AD1802789959A00AA7C02 /* LaunchScreen.storyboard in Resources */ = {isa = PBXBuildFile; fileRef = 954AD17E2789959A00AA7C02 /* LaunchScreen.storyboard */; };
		954AD1892789CA0F00AA7C02 /* Red.storyboard in Resources */ = {isa = PBXBuildFile; fileRef = 954AD1872789CA0F00AA7C02 /* Red.storyboard */; };
		954AD18B2789CAA200AA7C02 /* Green.storyboard in Resources */ = {isa = PBXBuildFile; fileRef = 954AD18A2789CAA200AA7C02 /* Green.storyboard */; };
		954AD18D2789CB5000AA7C02 /* RedViewController.swift in Sources */ = {isa = PBXBuildFile; fileRef = 954AD18C2789CB5000AA7C02 /* RedViewController.swift */; };
		954AD18F2789CB7A00AA7C02 /* GreenViewController.swift in Sources */ = {isa = PBXBuildFile; fileRef = 954AD18E2789CB7A00AA7C02 /* GreenViewController.swift */; };
/* End PBXBuildFile section */

/* Begin PBXFileReference section */
		954AD1702789959900AA7C02 /* 8.app */ = {isa = PBXFileReference; explicitFileType = wrapper.application; includeInIndex = 0; path = 8.app; sourceTree = BUILT_PRODUCTS_DIR; };
		954AD1732789959900AA7C02 /* AppDelegate.swift */ = {isa = PBXFileReference; lastKnownFileType = sourcecode.swift; path = AppDelegate.swift; sourceTree = "<group>"; };
		954AD1752789959900AA7C02 /* SceneDelegate.swift */ = {isa = PBXFileReference; lastKnownFileType = sourcecode.swift; path = SceneDelegate.swift; sourceTree = "<group>"; };
		954AD17A2789959900AA7C02 /* Base */ = {isa = PBXFileReference; lastKnownFileType = file.storyboard; name = Base; path = Base.lproj/Main.storyboard; sourceTree = "<group>"; };
		954AD17C2789959A00AA7C02 /* Assets.xcassets */ = {isa = PBXFileReference; lastKnownFileType = folder.assetcatalog; path = Assets.xcassets; sourceTree = "<group>"; };
		954AD17F2789959A00AA7C02 /* Base */ = {isa = PBXFileReference; lastKnownFileType = file.storyboard; name = Base; path = Base.lproj/LaunchScreen.storyboard; sourceTree = "<group>"; };
		954AD1812789959A00AA7C02 /* Info.plist */ = {isa = PBXFileReference; lastKnownFileType = text.plist.xml; path = Info.plist; sourceTree = "<group>"; };
		954AD1882789CA0F00AA7C02 /* Base */ = {isa = PBXFileReference; lastKnownFileType = file.storyboard; name = Base; path = 8/Base.lproj/Red.storyboard; sourceTree = "<group>"; };
		954AD18A2789CAA200AA7C02 /* Green.storyboard */ = {isa = PBXFileReference; fileEncoding = 4; lastKnownFileType = file.storyboard; path = Green.storyboard; sourceTree = "<group>"; };
		954AD18C2789CB5000AA7C02 /* RedViewController.swift */ = {isa = PBXFileReference; lastKnownFileType = sourcecode.swift; path = RedViewController.swift; sourceTree = "<group>"; };
		954AD18E2789CB7A00AA7C02 /* GreenViewController.swift */ = {isa = PBXFileReference; lastKnownFileType = sourcecode.swift; path = GreenViewController.swift; sourceTree = "<group>"; };
/* End PBXFileReference section */

/* Begin PBXFrameworksBuildPhase section */
		954AD16D2789959900AA7C02 /* Frameworks */ = {
			isa = PBXFrameworksBuildPhase;
			buildActionMask = 2147483647;
			files = (
			);
			runOnlyForDeploymentPostprocessing = 0;
		};
/* End PBXFrameworksBuildPhase section */

/* Begin PBXGroup section */
		954AD1672789959900AA7C02 = {
			isa = PBXGroup;
			children = (
				954AD1722789959900AA7C02 /* 8 */,
				954AD1712789959900AA7C02 /* Products */,
			);
			sourceTree = "<group>";
		};
		954AD1712789959900AA7C02 /* Products */ = {
			isa = PBXGroup;
			children = (
				954AD1702789959900AA7C02 /* 8.app */,
			);
			name = Products;
			sourceTree = "<group>";
		};
		954AD1722789959900AA7C02 /* 8 */ = {
			isa = PBXGroup;
			children = (
				954AD1922789CC8C00AA7C02 /* Controllers */,
				954AD1902789CC4900AA7C02 /* View */,
				954AD1732789959900AA7C02 /* AppDelegate.swift */,
				954AD1752789959900AA7C02 /* SceneDelegate.swift */,
				954AD1912789CC6000AA7C02 /* Model */,
				954AD17C2789959A00AA7C02 /* Assets.xcassets */,
				954AD17E2789959A00AA7C02 /* LaunchScreen.storyboard */,
				954AD1812789959A00AA7C02 /* Info.plist */,
			);
			path = 8;
			sourceTree = "<group>";
		};
		954AD1902789CC4900AA7C02 /* View */ = {
			isa = PBXGroup;
			children = (
				954AD1872789CA0F00AA7C02 /* Red.storyboard */,
				954AD18A2789CAA200AA7C02 /* Green.storyboard */,
				954AD1792789959900AA7C02 /* Main.storyboard */,
			);
			path = View;
			sourceTree = "<group>";
		};
		954AD1912789CC6000AA7C02 /* Model */ = {
			isa = PBXGroup;
			children = (
			);
			path = Model;
			sourceTree = "<group>";
		};
		954AD1922789CC8C00AA7C02 /* Controllers */ = {
			isa = PBXGroup;
			children = (
				954AD18C2789CB5000AA7C02 /* RedViewController.swift */,
				954AD18E2789CB7A00AA7C02 /* GreenViewController.swift */,
			);
			path = Controllers;
			sourceTree = "<group>";
		};
/* End PBXGroup section */

/* Begin PBXNativeTarget section */
		954AD16F2789959900AA7C02 /* 8 */ = {
			isa = PBXNativeTarget;
			buildConfigurationList = 954AD1842789959A00AA7C02 /* Build configuration list for PBXNativeTarget "8" */;
			buildPhases = (
				954AD16C2789959900AA7C02 /* Sources */,
				954AD16D2789959900AA7C02 /* Frameworks */,
				954AD16E2789959900AA7C02 /* Resources */,
			);
			buildRules = (
			);
			dependencies = (
			);
			name = 8;
			productName = 8;
			productReference = 954AD1702789959900AA7C02 /* 8.app */;
			productType = "com.apple.product-type.application";
		};
/* End PBXNativeTarget section */

/* Begin PBXProject section */
		954AD1682789959900AA7C02 /* Project object */ = {
			isa = PBXProject;
			attributes = {
				BuildIndependentTargetsInParallel = 1;
				LastSwiftUpdateCheck = 1320;
				LastUpgradeCheck = 1320;
				TargetAttributes = {
					954AD16F2789959900AA7C02 = {
						CreatedOnToolsVersion = 13.2.1;
					};
				};
			};
			buildConfigurationList = 954AD16B2789959900AA7C02 /* Build configuration list for PBXProject "8" */;
			compatibilityVersion = "Xcode 13.0";
			developmentRegion = en;
			hasScannedForEncodings = 0;
			knownRegions = (
				en,
				Base,
			);
			mainGroup = 954AD1672789959900AA7C02;
			productRefGroup = 954AD1712789959900AA7C02 /* Products */;
			projectDirPath = "";
			projectRoot = "";
			targets = (
				954AD16F2789959900AA7C02 /* 8 */,
			);
		};
/* End PBXProject section */

/* Begin PBXResourcesBuildPhase section */
		954AD16E2789959900AA7C02 /* Resources */ = {
			isa = PBXResourcesBuildPhase;
			buildActionMask = 2147483647;
			files = (
				954AD1892789CA0F00AA7C02 /* Red.storyboard in Resources */,
				954AD1802789959A00AA7C02 /* LaunchScreen.storyboard in Resources */,
				954AD17D2789959A00AA7C02 /* Assets.xcassets in Resources */,
				954AD17B2789959900AA7C02 /* Main.storyboard in Resources */,
				954AD18B2789CAA200AA7C02 /* Green.storyboard in Resources */,
			);
			runOnlyForDeploymentPostprocessing = 0;
		};
/* End PBXResourcesBuildPhase section */

/* Begin PBXSourcesBuildPhase section */
		954AD16C2789959900AA7C02 /* Sources */ = {
			isa = PBXSourcesBuildPhase;
			buildActionMask = 2147483647;
			files = (
				954AD18D2789CB5000AA7C02 /* RedViewController.swift in Sources */,
				954AD1742789959900AA7C02 /* AppDelegate.swift in Sources */,
				954AD1762789959900AA7C02 /* SceneDelegate.swift in Sources */,
				954AD18F2789CB7A00AA7C02 /* GreenViewController.swift in Sources */,
			);
			runOnlyForDeploymentPostprocessing = 0;
		};
/* End PBXSourcesBuildPhase section */

/* Begin PBXVariantGroup section */
		954AD1792789959900AA7C02 /* Main.storyboard */ = {
			isa = PBXVariantGroup;
			children = (
				954AD17A2789959900AA7C02 /* Base */,
			);
			name = Main.storyboard;
			sourceTree = "<group>";
		};
		954AD17E2789959A00AA7C02 /* LaunchScreen.storyboard */ = {
			isa = PBXVariantGroup;
			children = (
				954AD17F2789959A00AA7C02 /* Base */,
			);
			name = LaunchScreen.storyboard;
			sourceTree = "<group>";
		};
		954AD1872789CA0F00AA7C02 /* Red.storyboard */ = {
			isa = PBXVariantGroup;
			children = (
				954AD1882789CA0F00AA7C02 /* Base */,
			);
			name = Red.storyboard;
			sourceTree = "<group>";
		};
/* End PBXVariantGroup section */

/* Begin XCBuildConfiguration section */
		954AD1822789959A00AA7C02 /* Debug */ = {
			isa = XCBuildConfiguration;
			buildSettings = {
				ALWAYS_SEARCH_USER_PATHS = NO;
				CLANG_ANALYZER_NONNULL = YES;
				CLANG_ANALYZER_NUMBER_OBJECT_CONVERSION = YES_AGGRESSIVE;
				CLANG_CXX_LANGUAGE_STANDARD = "gnu++17";
				CLANG_CXX_LIBRARY = "libc++";
				CLANG_ENABLE_MODULES = YES;
				CLANG_ENABLE_OBJC_ARC = YES;
				CLANG_ENABLE_OBJC_WEAK = YES;
				CLANG_WARN_BLOCK_CAPTURE_AUTORELEASING = YES;
				CLANG_WARN_BOOL_CONVERSION = YES;
				CLANG_WARN_COMMA = YES;
				CLANG_WARN_CONSTANT_CONVERSION = YES;
				CLANG_WARN_DEPRECATED_OBJC_IMPLEMENTATIONS = YES;
				CLANG_WARN_DIRECT_OBJC_ISA_USAGE = YES_ERROR;
				CLANG_WARN_DOCUMENTATION_COMMENTS = YES;
				CLANG_WARN_EMPTY_BODY = YES;
				CLANG_WARN_ENUM_CONVERSION = YES;
				CLANG_WARN_INFINITE_RECURSION = YES;
				CLANG_WARN_INT_CONVERSION = YES;
				CLANG_WARN_NON_LITERAL_NULL_CONVERSION = YES;
				CLANG_WARN_OBJC_IMPLICIT_RETAIN_SELF = YES;
				CLANG_WARN_OBJC_LITERAL_CONVERSION = YES;
				CLANG_WARN_OBJC_ROOT_CLASS = YES_ERROR;
				CLANG_WARN_QUOTED_INCLUDE_IN_FRAMEWORK_HEADER = YES;
				CLANG_WARN_RANGE_LOOP_ANALYSIS = YES;
				CLANG_WARN_STRICT_PROTOTYPES = YES;
				CLANG_WARN_SUSPICIOUS_MOVE = YES;
				CLANG_WARN_UNGUARDED_AVAILABILITY = YES_AGGRESSIVE;
				CLANG_WARN_UNREACHABLE_CODE = YES;
				CLANG_WARN__DUPLICATE_METHOD_MATCH = YES;
				COPY_PHASE_STRIP = NO;
				DEBUG_INFORMATION_FORMAT = dwarf;
				ENABLE_STRICT_OBJC_MSGSEND = YES;
				ENABLE_TESTABILITY = YES;
				GCC_C_LANGUAGE_STANDARD = gnu11;
				GCC_DYNAMIC_NO_PIC = NO;
				GCC_NO_COMMON_BLOCKS = YES;
				GCC_OPTIMIZATION_LEVEL = 0;
				GCC_PREPROCESSOR_DEFINITIONS = (
					"DEBUG=1",
					"$(inherited)",
				);
				GCC_WARN_64_TO_32_BIT_CONVERSION = YES;
				GCC_WARN_ABOUT_RETURN_TYPE = YES_ERROR;
				GCC_WARN_UNDECLARED_SELECTOR = YES;
				GCC_WARN_UNINITIALIZED_AUTOS = YES_AGGRESSIVE;
				GCC_WARN_UNUSED_FUNCTION = YES;
				GCC_WARN_UNUSED_VARIABLE = YES;
				IPHONEOS_DEPLOYMENT_TARGET = 15.2;
				MTL_ENABLE_DEBUG_INFO = INCLUDE_SOURCE;
				MTL_FAST_MATH = YES;
				ONLY_ACTIVE_ARCH = YES;
				SDKROOT = iphoneos;
				SWIFT_ACTIVE_COMPILATION_CONDITIONS = DEBUG;
				SWIFT_OPTIMIZATION_LEVEL = "-Onone";
			};
			name = Debug;
		};
		954AD1832789959A00AA7C02 /* Release */ = {
			isa = XCBuildConfiguration;
			buildSettings = {
				ALWAYS_SEARCH_USER_PATHS = NO;
				CLANG_ANALYZER_NONNULL = YES;
				CLANG_ANALYZER_NUMBER_OBJECT_CONVERSION = YES_AGGRESSIVE;
				CLANG_CXX_LANGUAGE_STANDARD = "gnu++17";
				CLANG_CXX_LIBRARY = "libc++";
				CLANG_ENABLE_MODULES = YES;
				CLANG_ENABLE_OBJC_ARC = YES;
				CLANG_ENABLE_OBJC_WEAK = YES;
				CLANG_WARN_BLOCK_CAPTURE_AUTORELEASING = YES;
				CLANG_WARN_BOOL_CONVERSION = YES;
				CLANG_WARN_COMMA = YES;
				CLANG_WARN_CONSTANT_CONVERSION = YES;
				CLANG_WARN_DEPRECATED_OBJC_IMPLEMENTATIONS = YES;
				CLANG_WARN_DIRECT_OBJC_ISA_USAGE = YES_ERROR;
				CLANG_WARN_DOCUMENTATION_COMMENTS = YES;
				CLANG_WARN_EMPTY_BODY = YES;
				CLANG_WARN_ENUM_CONVERSION = YES;
				CLANG_WARN_INFINITE_RECURSION = YES;
				CLANG_WARN_INT_CONVERSION = YES;
				CLANG_WARN_NON_LITERAL_NULL_CONVERSION = YES;
				CLANG_WARN_OBJC_IMPLICIT_RETAIN_SELF = YES;
				CLANG_WARN_OBJC_LITERAL_CONVERSION = YES;
				CLANG_WARN_OBJC_ROOT_CLASS = YES_ERROR;
				CLANG_WARN_QUOTED_INCLUDE_IN_FRAMEWORK_HEADER = YES;
				CLANG_WARN_RANGE_LOOP_ANALYSIS = YES;
				CLANG_WARN_STRICT_PROTOTYPES = YES;
				CLANG_WARN_SUSPICIOUS_MOVE = YES;
				CLANG_WARN_UNGUARDED_AVAILABILITY = YES_AGGRESSIVE;
				CLANG_WARN_UNREACHABLE_CODE = YES;
				CLANG_WARN__DUPLICATE_METHOD_MATCH = YES;
				COPY_PHASE_STRIP = NO;
				DEBUG_INFORMATION_FORMAT = "dwarf-with-dsym";
				ENABLE_NS_ASSERTIONS = NO;
				ENABLE_STRICT_OBJC_MSGSEND = YES;
				GCC_C_LANGUAGE_STANDARD = gnu11;
				GCC_NO_COMMON_BLOCKS = YES;
				GCC_WARN_64_TO_32_BIT_CONVERSION = YES;
				GCC_WARN_ABOUT_RETURN_TYPE = YES_ERROR;
				GCC_WARN_UNDECLARED_SELECTOR = YES;
				GCC_WARN_UNINITIALIZED_AUTOS = YES_AGGRESSIVE;
				GCC_WARN_UNUSED_FUNCTION = YES;
				GCC_WARN_UNUSED_VARIABLE = YES;
				IPHONEOS_DEPLOYMENT_TARGET = 15.2;
				MTL_ENABLE_DEBUG_INFO = NO;
				MTL_FAST_MATH = YES;
				SDKROOT = iphoneos;
				SWIFT_COMPILATION_MODE = wholemodule;
				SWIFT_OPTIMIZATION_LEVEL = "-O";
				VALIDATE_PRODUCT = YES;
			};
			name = Release;
		};
		954AD1852789959A00AA7C02 /* Debug */ = {
			isa = XCBuildConfiguration;
			buildSettings = {
				ASSETCATALOG_COMPILER_APPICON_NAME = AppIcon;
				ASSETCATALOG_COMPILER_GLOBAL_ACCENT_COLOR_NAME = AccentColor;
				CODE_SIGN_STYLE = Automatic;
				CURRENT_PROJECT_VERSION = 1;
				GENERATE_INFOPLIST_FILE = YES;
				INFOPLIST_FILE = 8/Info.plist;
				INFOPLIST_KEY_UIApplicationSupportsIndirectInputEvents = YES;
				INFOPLIST_KEY_UILaunchStoryboardName = LaunchScreen;
				INFOPLIST_KEY_UIMainStoryboardFile = Main;
				INFOPLIST_KEY_UISupportedInterfaceOrientations_iPad = "UIInterfaceOrientationPortrait UIInterfaceOrientationPortraitUpsideDown UIInterfaceOrientationLandscapeLeft UIInterfaceOrientationLandscapeRight";
				INFOPLIST_KEY_UISupportedInterfaceOrientations_iPhone = "UIInterfaceOrientationPortrait UIInterfaceOrientationLandscapeLeft UIInterfaceOrientationLandscapeRight";
				LD_RUNPATH_SEARCH_PATHS = (
					"$(inherited)",
					"@executable_path/Frameworks",
				);
				MARKETING_VERSION = 1.0;
				PRODUCT_BUNDLE_IDENTIFIER = "com.ShoutaNakano.-";
				PRODUCT_NAME = "$(TARGET_NAME)";
				SWIFT_EMIT_LOC_STRINGS = YES;
				SWIFT_VERSION = 5.0;
				TARGETED_DEVICE_FAMILY = "1,2";
			};
			name = Debug;
		};
		954AD1862789959A00AA7C02 /* Release */ = {
			isa = XCBuildConfiguration;
			buildSettings = {
				ASSETCATALOG_COMPILER_APPICON_NAME = AppIcon;
				ASSETCATALOG_COMPILER_GLOBAL_ACCENT_COLOR_NAME = AccentColor;
				CODE_SIGN_STYLE = Automatic;
				CURRENT_PROJECT_VERSION = 1;
				GENERATE_INFOPLIST_FILE = YES;
				INFOPLIST_FILE = 8/Info.plist;
				INFOPLIST_KEY_UIApplicationSupportsIndirectInputEvents = YES;
				INFOPLIST_KEY_UILaunchStoryboardName = LaunchScreen;
				INFOPLIST_KEY_UIMainStoryboardFile = Main;
				INFOPLIST_KEY_UISupportedInterfaceOrientations_iPad = "UIInterfaceOrientationPortrait UIInterfaceOrientationPortraitUpsideDown UIInterfaceOrientationLandscapeLeft UIInterfaceOrientationLandscapeRight";
				INFOPLIST_KEY_UISupportedInterfaceOrientations_iPhone = "UIInterfaceOrientationPortrait UIInterfaceOrientationLandscapeLeft UIInterfaceOrientationLandscapeRight";
				LD_RUNPATH_SEARCH_PATHS = (
					"$(inherited)",
					"@executable_path/Frameworks",
				);
				MARKETING_VERSION = 1.0;
				PRODUCT_BUNDLE_IDENTIFIER = "com.ShoutaNakano.-";
				PRODUCT_NAME = "$(TARGET_NAME)";
				SWIFT_EMIT_LOC_STRINGS = YES;
				SWIFT_VERSION = 5.0;
				TARGETED_DEVICE_FAMILY = "1,2";
			};
			name = Release;
		};
/* End XCBuildConfiguration section */

/* Begin XCConfigurationList section */
		954AD16B2789959900AA7C02 /* Build configuration list for PBXProject "8" */ = {
			isa = XCConfigurationList;
			buildConfigurations = (
				954AD1822789959A00AA7C02 /* Debug */,
				954AD1832789959A00AA7C02 /* Release */,
			);
			defaultConfigurationIsVisible = 0;
			defaultConfigurationName = Release;
		};
		954AD1842789959A00AA7C02 /* Build configuration list for PBXNativeTarget "8" */ = {
			isa = XCConfigurationList;
			buildConfigurations = (
				954AD1852789959A00AA7C02 /* Debug */,
				954AD1862789959A00AA7C02 /* Release */,
			);
			defaultConfigurationIsVisible = 0;
			defaultConfigurationName = Release;
		};
/* End XCConfigurationList section */
	};
	rootObject = 954AD1682789959900AA7C02 /* Project object */;
}
